// !$*UTF8*$!
{
	archiveVersion = 1;
	classes = {
	};
	objectVersion = 50;
	objects = {

/* Begin PBXBuildFile section */
		9F79C8AC250D896A00504158 /* AppDelegate.swift in Sources */ = {isa = PBXBuildFile; fileRef = 9F79C8AB250D896A00504158 /* AppDelegate.swift */; };
		9F79C8AE250D896A00504158 /* ViewController.swift in Sources */ = {isa = PBXBuildFile; fileRef = 9F79C8AD250D896A00504158 /* ViewController.swift */; };
		9F79C8B0250D896A00504158 /* Experience.rcproject in Sources */ = {isa = PBXBuildFile; fileRef = 9F79C8AF250D896A00504158 /* Experience.rcproject */; };
		9F79C8B3250D896A00504158 /* Main.storyboard in Resources */ = {isa = PBXBuildFile; fileRef = 9F79C8B1250D896A00504158 /* Main.storyboard */; };
		9F79C8B5250D896B00504158 /* Assets.xcassets in Resources */ = {isa = PBXBuildFile; fileRef = 9F79C8B4250D896B00504158 /* Assets.xcassets */; };
		9F79C8B8250D896B00504158 /* LaunchScreen.storyboard in Resources */ = {isa = PBXBuildFile; fileRef = 9F79C8B6250D896B00504158 /* LaunchScreen.storyboard */; };
/* End PBXBuildFile section */

/* Begin PBXFileReference section */
		9F79C8A8250D896A00504158 /* AR Webinar MDA.app */ = {isa = PBXFileReference; explicitFileType = wrapper.application; includeInIndex = 0; path = "AR Webinar MDA.app"; sourceTree = BUILT_PRODUCTS_DIR; };
		9F79C8AB250D896A00504158 /* AppDelegate.swift */ = {isa = PBXFileReference; lastKnownFileType = sourcecode.swift; path = AppDelegate.swift; sourceTree = "<group>"; };
		9F79C8AD250D896A00504158 /* ViewController.swift */ = {isa = PBXFileReference; lastKnownFileType = sourcecode.swift; path = ViewController.swift; sourceTree = "<group>"; };
		9F79C8AF250D896A00504158 /* Experience.rcproject */ = {isa = PBXFileReference; lastKnownFileType = file.rcproject; path = Experience.rcproject; sourceTree = "<group>"; };
		9F79C8B2250D896A00504158 /* Base */ = {isa = PBXFileReference; lastKnownFileType = file.storyboard; name = Base; path = Base.lproj/Main.storyboard; sourceTree = "<group>"; };
		9F79C8B4250D896B00504158 /* Assets.xcassets */ = {isa = PBXFileReference; lastKnownFileType = folder.assetcatalog; path = Assets.xcassets; sourceTree = "<group>"; };
		9F79C8B7250D896B00504158 /* Base */ = {isa = PBXFileReference; lastKnownFileType = file.storyboard; name = Base; path = Base.lproj/LaunchScreen.storyboard; sourceTree = "<group>"; };
		9F79C8B9250D896B00504158 /* Info.plist */ = {isa = PBXFileReference; lastKnownFileType = text.plist.xml; path = Info.plist; sourceTree = "<group>"; };
/* End PBXFileReference section */

/* Begin PBXFrameworksBuildPhase section */
		9F79C8A5250D896A00504158 /* Frameworks */ = {
			isa = PBXFrameworksBuildPhase;
			buildActionMask = 2147483647;
			files = (
			);
			runOnlyForDeploymentPostprocessing = 0;
		};
/* End PBXFrameworksBuildPhase section */

/* Begin PBXGroup section */
		9F79C89F250D896A00504158 = {
			isa = PBXGroup;
			children = (
				9F79C8AA250D896A00504158 /* AR Webinar MDA */,
				9F79C8A9250D896A00504158 /* Products */,
			);
			sourceTree = "<group>";
		};
		9F79C8A9250D896A00504158 /* Products */ = {
			isa = PBXGroup;
			children = (
				9F79C8A8250D896A00504158 /* AR Webinar MDA.app */,
			);
			name = Products;
			sourceTree = "<group>";
		};
		9F79C8AA250D896A00504158 /* AR Webinar MDA */ = {
			isa = PBXGroup;
			children = (
				9F79C8AB250D896A00504158 /* AppDelegate.swift */,
				9F79C8AD250D896A00504158 /* ViewController.swift */,
				9F79C8AF250D896A00504158 /* Experience.rcproject */,
				9F79C8B1250D896A00504158 /* Main.storyboard */,
				9F79C8B4250D896B00504158 /* Assets.xcassets */,
				9F79C8B6250D896B00504158 /* LaunchScreen.storyboard */,
				9F79C8B9250D896B00504158 /* Info.plist */,
			);
			path = "AR Webinar MDA";
			sourceTree = "<group>";
		};
/* End PBXGroup section */

/* Begin PBXNativeTarget section */
		9F79C8A7250D896A00504158 /* AR Webinar MDA */ = {
			isa = PBXNativeTarget;
			buildConfigurationList = 9F79C8BC250D896B00504158 /* Build configuration list for PBXNativeTarget "AR Webinar MDA" */;
			buildPhases = (
				9F79C8A4250D896A00504158 /* Sources */,
				9F79C8A5250D896A00504158 /* Frameworks */,
				9F79C8A6250D896A00504158 /* Resources */,
			);
			buildRules = (
			);
			dependencies = (
			);
			name = "AR Webinar MDA";
			productName = "AR Webinar MDA";
			productReference = 9F79C8A8250D896A00504158 /* AR Webinar MDA.app */;
			productType = "com.apple.product-type.application";
		};
/* End PBXNativeTarget section */

/* Begin PBXProject section */
		9F79C8A0250D896A00504158 /* Project object */ = {
			isa = PBXProject;
			attributes = {
				LastSwiftUpdateCheck = 1170;
				LastUpgradeCheck = 1170;
				ORGANIZATIONNAME = "Fedor Boretsky";
				TargetAttributes = {
					9F79C8A7250D896A00504158 = {
						CreatedOnToolsVersion = 11.7;
					};
				};
			};
			buildConfigurationList = 9F79C8A3250D896A00504158 /* Build configuration list for PBXProject "AR Webinar MDA" */;
			compatibilityVersion = "Xcode 9.3";
			developmentRegion = en;
			hasScannedForEncodings = 0;
			knownRegions = (
				en,
				Base,
			);
			mainGroup = 9F79C89F250D896A00504158;
			productRefGroup = 9F79C8A9250D896A00504158 /* Products */;
			projectDirPath = "";
			projectRoot = "";
			targets = (
				9F79C8A7250D896A00504158 /* AR Webinar MDA */,
			);
		};
/* End PBXProject section */

/* Begin PBXResourcesBuildPhase section */
		9F79C8A6250D896A00504158 /* Resources */ = {
			isa = PBXResourcesBuildPhase;
			buildActionMask = 2147483647;
			files = (
				9F79C8B8250D896B00504158 /* LaunchScreen.storyboard in Resources */,
				9F79C8B5250D896B00504158 /* Assets.xcassets in Resources */,
				9F79C8B3250D896A00504158 /* Main.storyboard in Resources */,
			);
			runOnlyForDeploymentPostprocessing = 0;
		};
/* End PBXResourcesBuildPhase section */

/* Begin PBXSourcesBuildPhase section */
		9F79C8A4250D896A00504158 /* Sources */ = {
			isa = PBXSourcesBuildPhase;
			buildActionMask = 2147483647;
			files = (
				9F79C8AE250D896A00504158 /* ViewController.swift in Sources */,
				9F79C8AC250D896A00504158 /* AppDelegate.swift in Sources */,
				9F79C8B0250D896A00504158 /* Experience.rcproject in Sources */,
			);
			runOnlyForDeploymentPostprocessing = 0;
		};
/* End PBXSourcesBuildPhase section */

/* Begin PBXVariantGroup section */
		9F79C8B1250D896A00504158 /* Main.storyboard */ = {
			isa = PBXVariantGroup;
			children = (
				9F79C8B2250D896A00504158 /* Base */,
			);
			name = Main.storyboard;
			sourceTree = "<group>";
		};
		9F79C8B6250D896B00504158 /* LaunchScreen.storyboard */ = {
			isa = PBXVariantGroup;
			children = (
				9F79C8B7250D896B00504158 /* Base */,
			);
			name = LaunchScreen.storyboard;
			sourceTree = "<group>";
		};
/* End PBXVariantGroup section */

/* Begin XCBuildConfiguration section */
		9F79C8BA250D896B00504158 /* Debug */ = {
			isa = XCBuildConfiguration;
			buildSettings = {
				ALWAYS_SEARCH_USER_PATHS = NO;
				CLANG_ANALYZER_NONNULL = YES;
				CLANG_ANALYZER_NUMBER_OBJECT_CONVERSION = YES_AGGRESSIVE;
				CLANG_CXX_LANGUAGE_STANDARD = "gnu++14";
				CLANG_CXX_LIBRARY = "libc++";
				CLANG_ENABLE_MODULES = YES;
				CLANG_ENABLE_OBJC_ARC = YES;
				CLANG_ENABLE_OBJC_WEAK = YES;
				CLANG_WARN_BLOCK_CAPTURE_AUTORELEASING = YES;
				CLANG_WARN_BOOL_CONVERSION = YES;
				CLANG_WARN_COMMA = YES;
				CLANG_WARN_CONSTANT_CONVERSION = YES;
				CLANG_WARN_DEPRECATED_OBJC_IMPLEMENTATIONS = YES;
				CLANG_WARN_DIRECT_OBJC_ISA_USAGE = YES_ERROR;
				CLANG_WARN_DOCUMENTATION_COMMENTS = YES;
				CLANG_WARN_EMPTY_BODY = YES;
				CLANG_WARN_ENUM_CONVERSION = YES;
				CLANG_WARN_INFINITE_RECURSION = YES;
				CLANG_WARN_INT_CONVERSION = YES;
				CLANG_WARN_NON_LITERAL_NULL_CONVERSION = YES;
				CLANG_WARN_OBJC_IMPLICIT_RETAIN_SELF = YES;
				CLANG_WARN_OBJC_LITERAL_CONVERSION = YES;
				CLANG_WARN_OBJC_ROOT_CLASS = YES_ERROR;
				CLANG_WARN_RANGE_LOOP_ANALYSIS = YES;
				CLANG_WARN_STRICT_PROTOTYPES = YES;
				CLANG_WARN_SUSPICIOUS_MOVE = YES;
				CLANG_WARN_UNGUARDED_AVAILABILITY = YES_AGGRESSIVE;
				CLANG_WARN_UNREACHABLE_CODE = YES;
				CLANG_WARN__DUPLICATE_METHOD_MATCH = YES;
				COPY_PHASE_STRIP = NO;
				DEBUG_INFORMATION_FORMAT = dwarf;
				ENABLE_STRICT_OBJC_MSGSEND = YES;
				ENABLE_TESTABILITY = YES;
				GCC_C_LANGUAGE_STANDARD = gnu11;
				GCC_DYNAMIC_NO_PIC = NO;
				GCC_NO_COMMON_BLOCKS = YES;
				GCC_OPTIMIZATION_LEVEL = 0;
				GCC_PREPROCESSOR_DEFINITIONS = (
					"DEBUG=1",
					"$(inherited)",
				);
				GCC_WARN_64_TO_32_BIT_CONVERSION = YES;
				GCC_WARN_ABOUT_RETURN_TYPE = YES_ERROR;
				GCC_WARN_UNDECLARED_SELECTOR = YES;
				GCC_WARN_UNINITIALIZED_AUTOS = YES_AGGRESSIVE;
				GCC_WARN_UNUSED_FUNCTION = YES;
				GCC_WARN_UNUSED_VARIABLE = YES;
				IPHONEOS_DEPLOYMENT_TARGET = 13.7;
				MTL_ENABLE_DEBUG_INFO = INCLUDE_SOURCE;
				MTL_FAST_MATH = YES;
				ONLY_ACTIVE_ARCH = YES;
				SDKROOT = iphoneos;
				SWIFT_ACTIVE_COMPILATION_CONDITIONS = DEBUG;
				SWIFT_OPTIMIZATION_LEVEL = "-Onone";
			};
			name = Debug;
		};
		9F79C8BB250D896B00504158 /* Release */ = {
			isa = XCBuildConfiguration;
			buildSettings = {
				ALWAYS_SEARCH_USER_PATHS = NO;
				CLANG_ANALYZER_NONNULL = YES;
				CLANG_ANALYZER_NUMBER_OBJECT_CONVERSION = YES_AGGRESSIVE;
				CLANG_CXX_LANGUAGE_STANDARD = "gnu++14";
				CLANG_CXX_LIBRARY = "libc++";
				CLANG_ENABLE_MODULES = YES;
				CLANG_ENABLE_OBJC_ARC = YES;
				CLANG_ENABLE_OBJC_WEAK = YES;
				CLANG_WARN_BLOCK_CAPTURE_AUTORELEASING = YES;
				CLANG_WARN_BOOL_CONVERSION = YES;
				CLANG_WARN_COMMA = YES;
				CLANG_WARN_CONSTANT_CONVERSION = YES;
				CLANG_WARN_DEPRECATED_OBJC_IMPLEMENTATIONS = YES;
				CLANG_WARN_DIRECT_OBJC_ISA_USAGE = YES_ERROR;
				CLANG_WARN_DOCUMENTATION_COMMENTS = YES;
				CLANG_WARN_EMPTY_BODY = YES;
				CLANG_WARN_ENUM_CONVERSION = YES;
				CLANG_WARN_INFINITE_RECURSION = YES;
				CLANG_WARN_INT_CONVERSION = YES;
				CLANG_WARN_NON_LITERAL_NULL_CONVERSION = YES;
				CLANG_WARN_OBJC_IMPLICIT_RETAIN_SELF = YES;
				CLANG_WARN_OBJC_LITERAL_CONVERSION = YES;
				CLANG_WARN_OBJC_ROOT_CLASS = YES_ERROR;
				CLANG_WARN_RANGE_LOOP_ANALYSIS = YES;
				CLANG_WARN_STRICT_PROTOTYPES = YES;
				CLANG_WARN_SUSPICIOUS_MOVE = YES;
				CLANG_WARN_UNGUARDED_AVAILABILITY = YES_AGGRESSIVE;
				CLANG_WARN_UNREACHABLE_CODE = YES;
				CLANG_WARN__DUPLICATE_METHOD_MATCH = YES;
				COPY_PHASE_STRIP = NO;
				DEBUG_INFORMATION_FORMAT = "dwarf-with-dsym";
				ENABLE_NS_ASSERTIONS = NO;
				ENABLE_STRICT_OBJC_MSGSEND = YES;
				GCC_C_LANGUAGE_STANDARD = gnu11;
				GCC_NO_COMMON_BLOCKS = YES;
				GCC_WARN_64_TO_32_BIT_CONVERSION = YES;
				GCC_WARN_ABOUT_RETURN_TYPE = YES_ERROR;
				GCC_WARN_UNDECLARED_SELECTOR = YES;
				GCC_WARN_UNINITIALIZED_AUTOS = YES_AGGRESSIVE;
				GCC_WARN_UNUSED_FUNCTION = YES;
				GCC_WARN_UNUSED_VARIABLE = YES;
				IPHONEOS_DEPLOYMENT_TARGET = 13.7;
				MTL_ENABLE_DEBUG_INFO = NO;
				MTL_FAST_MATH = YES;
				SDKROOT = iphoneos;
				SWIFT_COMPILATION_MODE = wholemodule;
				SWIFT_OPTIMIZATION_LEVEL = "-O";
				VALIDATE_PRODUCT = YES;
			};
			name = Release;
		};
		9F79C8BD250D896B00504158 /* Debug */ = {
			isa = XCBuildConfiguration;
			buildSettings = {
				ASSETCATALOG_COMPILER_APPICON_NAME = AppIcon;
				CODE_SIGN_STYLE = Automatic;
				DEVELOPMENT_TEAM = Z48CPP88QJ;
				INFOPLIST_FILE = "AR Webinar MDA/Info.plist";
				LD_RUNPATH_SEARCH_PATHS = (
					"$(inherited)",
					"@executable_path/Frameworks",
				);
				PRODUCT_BUNDLE_IDENTIFIER = "Fedor.Boretskiy.AR-Webinar-MDA";
				PRODUCT_NAME = "$(TARGET_NAME)";
				SWIFT_VERSION = 5.0;
				TARGETED_DEVICE_FAMILY = "1,2";
			};
			name = Debug;
		};
		9F79C8BE250D896B00504158 /* Release */ = {
			isa = XCBuildConfiguration;
			buildSettings = {
				ASSETCATALOG_COMPILER_APPICON_NAME = AppIcon;
				CODE_SIGN_STYLE = Automatic;
				DEVELOPMENT_TEAM = Z48CPP88QJ;
				INFOPLIST_FILE = "AR Webinar MDA/Info.plist";
				LD_RUNPATH_SEARCH_PATHS = (
					"$(inherited)",
					"@executable_path/Frameworks",
				);
				PRODUCT_BUNDLE_IDENTIFIER = "Fedor.Boretskiy.AR-Webinar-MDA";
				PRODUCT_NAME = "$(TARGET_NAME)";
				SWIFT_VERSION = 5.0;
				TARGETED_DEVICE_FAMILY = "1,2";
			};
			name = Release;
		};
/* End XCBuildConfiguration section */

/* Begin XCConfigurationList section */
		9F79C8A3250D896A00504158 /* Build configuration list for PBXProject "AR Webinar MDA" */ = {
			isa = XCConfigurationList;
			buildConfigurations = (
				9F79C8BA250D896B00504158 /* Debug */,
				9F79C8BB250D896B00504158 /* Release */,
			);
			defaultConfigurationIsVisible = 0;
			defaultConfigurationName = Release;
		};
		9F79C8BC250D896B00504158 /* Build configuration list for PBXNativeTarget "AR Webinar MDA" */ = {
			isa = XCConfigurationList;
			buildConfigurations = (
				9F79C8BD250D896B00504158 /* Debug */,
				9F79C8BE250D896B00504158 /* Release */,
			);
			defaultConfigurationIsVisible = 0;
			defaultConfigurationName = Release;
		};
/* End XCConfigurationList section */
	};
	rootObject = 9F79C8A0250D896A00504158 /* Project object */;
}
